
Microsoft Visual Studio Solution File, Format Version 12.00
# Visual Studio Version 17
VisualStudioVersion = 17.0.31903.59
MinimumVisualStudioVersion = 10.0.40219.1
Project("{2150E333-8FDC-42A3-9474-1A3956D46DE8}") = "Solution Items", "Solution Items", "{E1625E82-60F0-49DD-839F-3B059E76C7FD}"
	ProjectSection(SolutionItems) = preProject
		.editorconfig = .editorconfig
		.env = .env
		.example.env = .example.env
		.gitignore = .gitignore
		Directory.Build.props = Directory.Build.props
		Directory.Packages.props = Directory.Packages.props
		LICENSE = LICENSE
		README.md = README.md
	EndProjectSection
EndProject
Project("{2150E333-8FDC-42A3-9474-1A3956D46DE8}") = "src", "src", "{64DE3EE1-9D9F-42C9-BAD1-8ADA7A41D9A9}"
EndProject
Project("{9A19103F-16F7-4668-BE54-9A1E7A4F7556}") = "SmartTripPlanner.ChargePoints", "src\SmartTripPlanner.ChargePoints\SmartTripPlanner.ChargePoints.csproj", "{4E4AA922-7C4F-43E5-9D56-19B4E7E403BE}"
EndProject
Project("{9A19103F-16F7-4668-BE54-9A1E7A4F7556}") = "SmartTripPlanner.Core", "src\SmartTripPlanner.Core\SmartTripPlanner.Core.csproj", "{02E6E237-E3E2-44CF-B107-A9593DBBD943}"
EndProject
Project("{9A19103F-16F7-4668-BE54-9A1E7A4F7556}") = "SmartTripPlanner.GoogleRoutes", "src\SmartTripPlanner.GoogleRoutes\SmartTripPlanner.GoogleRoutes.csproj", "{C59F1847-510A-4D80-A993-2AB3E8AF4CFD}"
EndProject
Project("{2150E333-8FDC-42A3-9474-1A3956D46DE8}") = "samples", "samples", "{AAAE4965-A0F5-4283-ABC0-0F69D40BD69F}"
EndProject
Project("{9A19103F-16F7-4668-BE54-9A1E7A4F7556}") = "SmartTripPlanner.API", "samples\SmartTripPlanner.Sample\SmartTripPlanner.API.csproj", "{333327B7-8F38-4972-9A80-309A10D45A4A}"
EndProject
Project("{E53339B2-1760-4266-BCC7-CA923CBCF16C}") = "docker-compose", "docker-compose.dcproj", "{E5187258-A88B-4CC6-95EE-6D2876A25A86}"
EndProject
Global
	GlobalSection(SolutionConfigurationPlatforms) = preSolution
		Debug|Any CPU = Debug|Any CPU
		Release|Any CPU = Release|Any CPU
	EndGlobalSection
	GlobalSection(ProjectConfigurationPlatforms) = postSolution
		{4E4AA922-7C4F-43E5-9D56-19B4E7E403BE}.Debug|Any CPU.ActiveCfg = Debug|Any CPU
		{4E4AA922-7C4F-43E5-9D56-19B4E7E403BE}.Debug|Any CPU.Build.0 = Debug|Any CPU
		{4E4AA922-7C4F-43E5-9D56-19B4E7E403BE}.Release|Any CPU.ActiveCfg = Release|Any CPU
		{4E4AA922-7C4F-43E5-9D56-19B4E7E403BE}.Release|Any CPU.Build.0 = Release|Any CPU
		{02E6E237-E3E2-44CF-B107-A9593DBBD943}.Debug|Any CPU.ActiveCfg = Debug|Any CPU
		{02E6E237-E3E2-44CF-B107-A9593DBBD943}.Debug|Any CPU.Build.0 = Debug|Any CPU
		{02E6E237-E3E2-44CF-B107-A9593DBBD943}.Release|Any CPU.ActiveCfg = Release|Any CPU
		{02E6E237-E3E2-44CF-B107-A9593DBBD943}.Release|Any CPU.Build.0 = Release|Any CPU
		{C59F1847-510A-4D80-A993-2AB3E8AF4CFD}.Debug|Any CPU.ActiveCfg = Debug|Any CPU
		{C59F1847-510A-4D80-A993-2AB3E8AF4CFD}.Debug|Any CPU.Build.0 = Debug|Any CPU
		{C59F1847-510A-4D80-A993-2AB3E8AF4CFD}.Release|Any CPU.ActiveCfg = Release|Any CPU
		{C59F1847-510A-4D80-A993-2AB3E8AF4CFD}.Release|Any CPU.Build.0 = Release|Any CPU
		{333327B7-8F38-4972-9A80-309A10D45A4A}.Debug|Any CPU.ActiveCfg = Debug|Any CPU
		{333327B7-8F38-4972-9A80-309A10D45A4A}.Debug|Any CPU.Build.0 = Debug|Any CPU
		{333327B7-8F38-4972-9A80-309A10D45A4A}.Release|Any CPU.ActiveCfg = Release|Any CPU
		{333327B7-8F38-4972-9A80-309A10D45A4A}.Release|Any CPU.Build.0 = Release|Any CPU
		{E5187258-A88B-4CC6-95EE-6D2876A25A86}.Debug|Any CPU.ActiveCfg = Debug|Any CPU
		{E5187258-A88B-4CC6-95EE-6D2876A25A86}.Debug|Any CPU.Build.0 = Debug|Any CPU
		{E5187258-A88B-4CC6-95EE-6D2876A25A86}.Release|Any CPU.ActiveCfg = Release|Any CPU
		{E5187258-A88B-4CC6-95EE-6D2876A25A86}.Release|Any CPU.Build.0 = Release|Any CPU
	EndGlobalSection
	GlobalSection(SolutionProperties) = preSolution
		HideSolutionNode = FALSE
	EndGlobalSection
	GlobalSection(NestedProjects) = preSolution
		{4E4AA922-7C4F-43E5-9D56-19B4E7E403BE} = {64DE3EE1-9D9F-42C9-BAD1-8ADA7A41D9A9}
		{02E6E237-E3E2-44CF-B107-A9593DBBD943} = {64DE3EE1-9D9F-42C9-BAD1-8ADA7A41D9A9}
		{C59F1847-510A-4D80-A993-2AB3E8AF4CFD} = {64DE3EE1-9D9F-42C9-BAD1-8ADA7A41D9A9}
		{333327B7-8F38-4972-9A80-309A10D45A4A} = {AAAE4965-A0F5-4283-ABC0-0F69D40BD69F}
	EndGlobalSection
	GlobalSection(ExtensibilityGlobals) = postSolution
		SolutionGuid = {3EE15DCD-0336-4BE3-8A17-ACB6A9B9FBB0}
	EndGlobalSection
EndGlobal
